// !$*UTF8*$!
{
	archiveVersion = 1;
	classes = {
	};
	objectVersion = 56;
	objects = {

/* Begin PBXBuildFile section */
		9FC8E0292D91926700560C2E /* ViewControllerTests.swift in Sources */ = {isa = PBXBuildFile; fileRef = 9F12C3652D918768005123D9 /* ViewControllerTests.swift */; };
		9FE2B89A2D913C560025A878 /* AppDelegate.swift in Sources */ = {isa = PBXBuildFile; fileRef = 9FE2B8992D913C560025A878 /* AppDelegate.swift */; };
		9FE2B89C2D913C560025A878 /* SceneDelegate.swift in Sources */ = {isa = PBXBuildFile; fileRef = 9FE2B89B2D913C560025A878 /* SceneDelegate.swift */; };
		9FE2B89E2D913C560025A878 /* ViewController.swift in Sources */ = {isa = PBXBuildFile; fileRef = 9FE2B89D2D913C560025A878 /* ViewController.swift */; };
		9FE2B8A12D913C560025A878 /* Main.storyboard in Resources */ = {isa = PBXBuildFile; fileRef = 9FE2B89F2D913C560025A878 /* Main.storyboard */; };
		9FE2B8A32D913C580025A878 /* Assets.xcassets in Resources */ = {isa = PBXBuildFile; fileRef = 9FE2B8A22D913C580025A878 /* Assets.xcassets */; };
		9FE2B8A62D913C580025A878 /* LaunchScreen.storyboard in Resources */ = {isa = PBXBuildFile; fileRef = 9FE2B8A42D913C580025A878 /* LaunchScreen.storyboard */; };
		9FE2B8BB2D913C580025A878 /* Github_stargazersUITests.swift in Sources */ = {isa = PBXBuildFile; fileRef = 9FE2B8BA2D913C580025A878 /* Github_stargazersUITests.swift */; };
		9FE2B8BD2D913C580025A878 /* Github_stargazersUITestsLaunchTests.swift in Sources */ = {isa = PBXBuildFile; fileRef = 9FE2B8BC2D913C580025A878 /* Github_stargazersUITestsLaunchTests.swift */; };
		9FE2B8D02D913D860025A878 /* User.swift in Sources */ = {isa = PBXBuildFile; fileRef = 9FE2B8CF2D913D860025A878 /* User.swift */; };
		9FE2B8D32D913DD20025A878 /* StargazersViewModel.swift in Sources */ = {isa = PBXBuildFile; fileRef = 9FE2B8D22D913DD20025A878 /* StargazersViewModel.swift */; };
		9FE2B8D62D91439A0025A878 /* SDWebImage in Frameworks */ = {isa = PBXBuildFile; productRef = 9FE2B8D52D91439A0025A878 /* SDWebImage */; };
		9FE2B8D82D9143B80025A878 /* SDWebImage in Frameworks */ = {isa = PBXBuildFile; productRef = 9FE2B8D72D9143B80025A878 /* SDWebImage */; };
		9FE2B8DA2D9143C50025A878 /* SDWebImage in Frameworks */ = {isa = PBXBuildFile; productRef = 9FE2B8D92D9143C50025A878 /* SDWebImage */; };
		9FE2B8DC2D9145090025A878 /* UsersTableView.swift in Sources */ = {isa = PBXBuildFile; fileRef = 9FE2B8DB2D9145090025A878 /* UsersTableView.swift */; };
		9FE2B8DF2D9145720025A878 /* UserTableViewCell.swift in Sources */ = {isa = PBXBuildFile; fileRef = 9FE2B8DD2D9145720025A878 /* UserTableViewCell.swift */; };
		9FE2B8E02D9145730025A878 /* UserTableViewCell.xib in Resources */ = {isa = PBXBuildFile; fileRef = 9FE2B8DE2D9145720025A878 /* UserTableViewCell.xib */; };
/* End PBXBuildFile section */

/* Begin PBXContainerItemProxy section */
		9FE2B8AD2D913C580025A878 /* PBXContainerItemProxy */ = {
			isa = PBXContainerItemProxy;
			containerPortal = 9FE2B88E2D913C560025A878 /* Project object */;
			proxyType = 1;
			remoteGlobalIDString = 9FE2B8952D913C560025A878;
			remoteInfo = Github_stargazers;
		};
		9FE2B8B72D913C580025A878 /* PBXContainerItemProxy */ = {
			isa = PBXContainerItemProxy;
			containerPortal = 9FE2B88E2D913C560025A878 /* Project object */;
			proxyType = 1;
			remoteGlobalIDString = 9FE2B8952D913C560025A878;
			remoteInfo = Github_stargazers;
		};
/* End PBXContainerItemProxy section */

/* Begin PBXFileReference section */
		9F12C3652D918768005123D9 /* ViewControllerTests.swift */ = {isa = PBXFileReference; lastKnownFileType = sourcecode.swift; path = ViewControllerTests.swift; sourceTree = "<group>"; };
		9FE2B8962D913C560025A878 /* Github_stargazers.app */ = {isa = PBXFileReference; explicitFileType = wrapper.application; includeInIndex = 0; path = Github_stargazers.app; sourceTree = BUILT_PRODUCTS_DIR; };
		9FE2B8992D913C560025A878 /* AppDelegate.swift */ = {isa = PBXFileReference; lastKnownFileType = sourcecode.swift; path = AppDelegate.swift; sourceTree = "<group>"; };
		9FE2B89B2D913C560025A878 /* SceneDelegate.swift */ = {isa = PBXFileReference; lastKnownFileType = sourcecode.swift; path = SceneDelegate.swift; sourceTree = "<group>"; };
		9FE2B89D2D913C560025A878 /* ViewController.swift */ = {isa = PBXFileReference; lastKnownFileType = sourcecode.swift; path = ViewController.swift; sourceTree = "<group>"; };
		9FE2B8A02D913C560025A878 /* Base */ = {isa = PBXFileReference; lastKnownFileType = file.storyboard; name = Base; path = Base.lproj/Main.storyboard; sourceTree = "<group>"; };
		9FE2B8A22D913C580025A878 /* Assets.xcassets */ = {isa = PBXFileReference; lastKnownFileType = folder.assetcatalog; path = Assets.xcassets; sourceTree = "<group>"; };
		9FE2B8A52D913C580025A878 /* Base */ = {isa = PBXFileReference; lastKnownFileType = file.storyboard; name = Base; path = Base.lproj/LaunchScreen.storyboard; sourceTree = "<group>"; };
		9FE2B8A72D913C580025A878 /* Info.plist */ = {isa = PBXFileReference; lastKnownFileType = text.plist.xml; path = Info.plist; sourceTree = "<group>"; };
		9FE2B8AC2D913C580025A878 /* Github_stargazersTests.xctest */ = {isa = PBXFileReference; explicitFileType = wrapper.cfbundle; includeInIndex = 0; path = Github_stargazersTests.xctest; sourceTree = BUILT_PRODUCTS_DIR; };
		9FE2B8B62D913C580025A878 /* Github_stargazersUITests.xctest */ = {isa = PBXFileReference; explicitFileType = wrapper.cfbundle; includeInIndex = 0; path = Github_stargazersUITests.xctest; sourceTree = BUILT_PRODUCTS_DIR; };
		9FE2B8BA2D913C580025A878 /* Github_stargazersUITests.swift */ = {isa = PBXFileReference; lastKnownFileType = sourcecode.swift; path = Github_stargazersUITests.swift; sourceTree = "<group>"; };
		9FE2B8BC2D913C580025A878 /* Github_stargazersUITestsLaunchTests.swift */ = {isa = PBXFileReference; lastKnownFileType = sourcecode.swift; path = Github_stargazersUITestsLaunchTests.swift; sourceTree = "<group>"; };
		9FE2B8CF2D913D860025A878 /* User.swift */ = {isa = PBXFileReference; lastKnownFileType = sourcecode.swift; path = User.swift; sourceTree = "<group>"; };
		9FE2B8D22D913DD20025A878 /* StargazersViewModel.swift */ = {isa = PBXFileReference; lastKnownFileType = sourcecode.swift; path = StargazersViewModel.swift; sourceTree = "<group>"; };
		9FE2B8DB2D9145090025A878 /* UsersTableView.swift */ = {isa = PBXFileReference; lastKnownFileType = sourcecode.swift; path = UsersTableView.swift; sourceTree = "<group>"; };
		9FE2B8DD2D9145720025A878 /* UserTableViewCell.swift */ = {isa = PBXFileReference; lastKnownFileType = sourcecode.swift; path = UserTableViewCell.swift; sourceTree = "<group>"; };
		9FE2B8DE2D9145720025A878 /* UserTableViewCell.xib */ = {isa = PBXFileReference; lastKnownFileType = file.xib; path = UserTableViewCell.xib; sourceTree = "<group>"; };
/* End PBXFileReference section */

/* Begin PBXFrameworksBuildPhase section */
		9FE2B8932D913C560025A878 /* Frameworks */ = {
			isa = PBXFrameworksBuildPhase;
			buildActionMask = 2147483647;
			files = (
				9FE2B8D62D91439A0025A878 /* SDWebImage in Frameworks */,
			);
			runOnlyForDeploymentPostprocessing = 0;
		};
		9FE2B8A92D913C580025A878 /* Frameworks */ = {
			isa = PBXFrameworksBuildPhase;
			buildActionMask = 2147483647;
			files = (
				9FE2B8D82D9143B80025A878 /* SDWebImage in Frameworks */,
			);
			runOnlyForDeploymentPostprocessing = 0;
		};
		9FE2B8B32D913C580025A878 /* Frameworks */ = {
			isa = PBXFrameworksBuildPhase;
			buildActionMask = 2147483647;
			files = (
				9FE2B8DA2D9143C50025A878 /* SDWebImage in Frameworks */,
			);
			runOnlyForDeploymentPostprocessing = 0;
		};
/* End PBXFrameworksBuildPhase section */

/* Begin PBXGroup section */
		9FE2B88D2D913C560025A878 = {
			isa = PBXGroup;
			children = (
				9FE2B8982D913C560025A878 /* Github_stargazers */,
				9FE2B8AF2D913C580025A878 /* Github_stargazersTests */,
				9FE2B8B92D913C580025A878 /* Github_stargazersUITests */,
				9FE2B8972D913C560025A878 /* Products */,
			);
			sourceTree = "<group>";
		};
		9FE2B8972D913C560025A878 /* Products */ = {
			isa = PBXGroup;
			children = (
				9FE2B8962D913C560025A878 /* Github_stargazers.app */,
				9FE2B8AC2D913C580025A878 /* Github_stargazersTests.xctest */,
				9FE2B8B62D913C580025A878 /* Github_stargazersUITests.xctest */,
			);
			name = Products;
			sourceTree = "<group>";
		};
		9FE2B8982D913C560025A878 /* Github_stargazers */ = {
			isa = PBXGroup;
			children = (
				9FE2B8CD2D913D500025A878 /* Models */,
				9FE2B8CC2D913CA30025A878 /* Views */,
				9FE2B8CE2D913D5F0025A878 /* ViewModels */,
				9FE2B8992D913C560025A878 /* AppDelegate.swift */,
				9FE2B89B2D913C560025A878 /* SceneDelegate.swift */,
				9FE2B8A22D913C580025A878 /* Assets.xcassets */,
				9FE2B8A42D913C580025A878 /* LaunchScreen.storyboard */,
				9FE2B8A72D913C580025A878 /* Info.plist */,
			);
			path = Github_stargazers;
			sourceTree = "<group>";
		};
		9FE2B8AF2D913C580025A878 /* Github_stargazersTests */ = {
			isa = PBXGroup;
			children = (
				9F12C3652D918768005123D9 /* ViewControllerTests.swift */,
			);
			path = Github_stargazersTests;
			sourceTree = "<group>";
		};
		9FE2B8B92D913C580025A878 /* Github_stargazersUITests */ = {
			isa = PBXGroup;
			children = (
				9FE2B8BA2D913C580025A878 /* Github_stargazersUITests.swift */,
				9FE2B8BC2D913C580025A878 /* Github_stargazersUITestsLaunchTests.swift */,
			);
			path = Github_stargazersUITests;
			sourceTree = "<group>";
		};
		9FE2B8CC2D913CA30025A878 /* Views */ = {
			isa = PBXGroup;
			children = (
				9FE2B89F2D913C560025A878 /* Main.storyboard */,
				9FE2B8DE2D9145720025A878 /* UserTableViewCell.xib */,
				9FE2B8DB2D9145090025A878 /* UsersTableView.swift */,
				9FE2B8DD2D9145720025A878 /* UserTableViewCell.swift */,
				9FE2B89D2D913C560025A878 /* ViewController.swift */,
			);
			path = Views;
			sourceTree = "<group>";
		};
		9FE2B8CD2D913D500025A878 /* Models */ = {
			isa = PBXGroup;
			children = (
				9FE2B8CF2D913D860025A878 /* User.swift */,
			);
			path = Models;
			sourceTree = "<group>";
		};
		9FE2B8CE2D913D5F0025A878 /* ViewModels */ = {
			isa = PBXGroup;
			children = (
				9FE2B8D22D913DD20025A878 /* StargazersViewModel.swift */,
			);
			path = ViewModels;
			sourceTree = "<group>";
		};
/* End PBXGroup section */

/* Begin PBXNativeTarget section */
		9FE2B8952D913C560025A878 /* Github_stargazers */ = {
			isa = PBXNativeTarget;
			buildConfigurationList = 9FE2B8C02D913C580025A878 /* Build configuration list for PBXNativeTarget "Github_stargazers" */;
			buildPhases = (
				9FE2B8922D913C560025A878 /* Sources */,
				9FE2B8932D913C560025A878 /* Frameworks */,
				9FE2B8942D913C560025A878 /* Resources */,
			);
			buildRules = (
			);
			dependencies = (
			);
			name = Github_stargazers;
			packageProductDependencies = (
				9FE2B8D52D91439A0025A878 /* SDWebImage */,
			);
			productName = Github_stargazers;
			productReference = 9FE2B8962D913C560025A878 /* Github_stargazers.app */;
			productType = "com.apple.product-type.application";
		};
		9FE2B8AB2D913C580025A878 /* Github_stargazersTests */ = {
			isa = PBXNativeTarget;
			buildConfigurationList = 9FE2B8C32D913C580025A878 /* Build configuration list for PBXNativeTarget "Github_stargazersTests" */;
			buildPhases = (
				9FE2B8A82D913C580025A878 /* Sources */,
				9FE2B8A92D913C580025A878 /* Frameworks */,
				9FE2B8AA2D913C580025A878 /* Resources */,
			);
			buildRules = (
			);
			dependencies = (
				9FE2B8AE2D913C580025A878 /* PBXTargetDependency */,
			);
			name = Github_stargazersTests;
			packageProductDependencies = (
				9FE2B8D72D9143B80025A878 /* SDWebImage */,
			);
			productName = Github_stargazersTests;
			productReference = 9FE2B8AC2D913C580025A878 /* Github_stargazersTests.xctest */;
			productType = "com.apple.product-type.bundle.unit-test";
		};
		9FE2B8B52D913C580025A878 /* Github_stargazersUITests */ = {
			isa = PBXNativeTarget;
			buildConfigurationList = 9FE2B8C62D913C580025A878 /* Build configuration list for PBXNativeTarget "Github_stargazersUITests" */;
			buildPhases = (
				9FE2B8B22D913C580025A878 /* Sources */,
				9FE2B8B32D913C580025A878 /* Frameworks */,
				9FE2B8B42D913C580025A878 /* Resources */,
			);
			buildRules = (
			);
			dependencies = (
				9FE2B8B82D913C580025A878 /* PBXTargetDependency */,
			);
			name = Github_stargazersUITests;
			packageProductDependencies = (
				9FE2B8D92D9143C50025A878 /* SDWebImage */,
			);
			productName = Github_stargazersUITests;
			productReference = 9FE2B8B62D913C580025A878 /* Github_stargazersUITests.xctest */;
			productType = "com.apple.product-type.bundle.ui-testing";
		};
/* End PBXNativeTarget section */

/* Begin PBXProject section */
		9FE2B88E2D913C560025A878 /* Project object */ = {
			isa = PBXProject;
			attributes = {
				BuildIndependentTargetsInParallel = 1;
				LastSwiftUpdateCheck = 1500;
				LastUpgradeCheck = 1500;
				TargetAttributes = {
					9FE2B8952D913C560025A878 = {
						CreatedOnToolsVersion = 15.0;
					};
					9FE2B8AB2D913C580025A878 = {
						CreatedOnToolsVersion = 15.0;
						TestTargetID = 9FE2B8952D913C560025A878;
					};
					9FE2B8B52D913C580025A878 = {
						CreatedOnToolsVersion = 15.0;
						TestTargetID = 9FE2B8952D913C560025A878;
					};
				};
			};
			buildConfigurationList = 9FE2B8912D913C560025A878 /* Build configuration list for PBXProject "Github_stargazers" */;
			compatibilityVersion = "Xcode 14.0";
			developmentRegion = en;
			hasScannedForEncodings = 0;
			knownRegions = (
				en,
				Base,
			);
			mainGroup = 9FE2B88D2D913C560025A878;
			packageReferences = (
				9FE2B8D42D91439A0025A878 /* XCRemoteSwiftPackageReference "SDWebImage" */,
			);
			productRefGroup = 9FE2B8972D913C560025A878 /* Products */;
			projectDirPath = "";
			projectRoot = "";
			targets = (
				9FE2B8952D913C560025A878 /* Github_stargazers */,
				9FE2B8AB2D913C580025A878 /* Github_stargazersTests */,
				9FE2B8B52D913C580025A878 /* Github_stargazersUITests */,
			);
		};
/* End PBXProject section */

/* Begin PBXResourcesBuildPhase section */
		9FE2B8942D913C560025A878 /* Resources */ = {
			isa = PBXResourcesBuildPhase;
			buildActionMask = 2147483647;
			files = (
				9FE2B8E02D9145730025A878 /* UserTableViewCell.xib in Resources */,
				9FE2B8A62D913C580025A878 /* LaunchScreen.storyboard in Resources */,
				9FE2B8A32D913C580025A878 /* Assets.xcassets in Resources */,
				9FE2B8A12D913C560025A878 /* Main.storyboard in Resources */,
			);
			runOnlyForDeploymentPostprocessing = 0;
		};
		9FE2B8AA2D913C580025A878 /* Resources */ = {
			isa = PBXResourcesBuildPhase;
			buildActionMask = 2147483647;
			files = (
			);
			runOnlyForDeploymentPostprocessing = 0;
		};
		9FE2B8B42D913C580025A878 /* Resources */ = {
			isa = PBXResourcesBuildPhase;
			buildActionMask = 2147483647;
			files = (
			);
			runOnlyForDeploymentPostprocessing = 0;
		};
/* End PBXResourcesBuildPhase section */

/* Begin PBXSourcesBuildPhase section */
		9FE2B8922D913C560025A878 /* Sources */ = {
			isa = PBXSourcesBuildPhase;
			buildActionMask = 2147483647;
			files = (
				9FE2B8D02D913D860025A878 /* User.swift in Sources */,
				9FE2B89E2D913C560025A878 /* ViewController.swift in Sources */,
				9FE2B8DF2D9145720025A878 /* UserTableViewCell.swift in Sources */,
				9FE2B8DC2D9145090025A878 /* UsersTableView.swift in Sources */,
				9FE2B89A2D913C560025A878 /* AppDelegate.swift in Sources */,
				9FE2B89C2D913C560025A878 /* SceneDelegate.swift in Sources */,
				9FE2B8D32D913DD20025A878 /* StargazersViewModel.swift in Sources */,
			);
			runOnlyForDeploymentPostprocessing = 0;
		};
		9FE2B8A82D913C580025A878 /* Sources */ = {
			isa = PBXSourcesBuildPhase;
			buildActionMask = 2147483647;
			files = (
				9FC8E0292D91926700560C2E /* ViewControllerTests.swift in Sources */,
			);
			runOnlyForDeploymentPostprocessing = 0;
		};
		9FE2B8B22D913C580025A878 /* Sources */ = {
			isa = PBXSourcesBuildPhase;
			buildActionMask = 2147483647;
			files = (
				9FE2B8BB2D913C580025A878 /* Github_stargazersUITests.swift in Sources */,
				9FE2B8BD2D913C580025A878 /* Github_stargazersUITestsLaunchTests.swift in Sources */,
			);
			runOnlyForDeploymentPostprocessing = 0;
		};
/* End PBXSourcesBuildPhase section */

/* Begin PBXTargetDependency section */
		9FE2B8AE2D913C580025A878 /* PBXTargetDependency */ = {
			isa = PBXTargetDependency;
			target = 9FE2B8952D913C560025A878 /* Github_stargazers */;
			targetProxy = 9FE2B8AD2D913C580025A878 /* PBXContainerItemProxy */;
		};
		9FE2B8B82D913C580025A878 /* PBXTargetDependency */ = {
			isa = PBXTargetDependency;
			target = 9FE2B8952D913C560025A878 /* Github_stargazers */;
			targetProxy = 9FE2B8B72D913C580025A878 /* PBXContainerItemProxy */;
		};
/* End PBXTargetDependency section */

/* Begin PBXVariantGroup section */
		9FE2B89F2D913C560025A878 /* Main.storyboard */ = {
			isa = PBXVariantGroup;
			children = (
				9FE2B8A02D913C560025A878 /* Base */,
			);
			name = Main.storyboard;
			sourceTree = "<group>";
		};
		9FE2B8A42D913C580025A878 /* LaunchScreen.storyboard */ = {
			isa = PBXVariantGroup;
			children = (
				9FE2B8A52D913C580025A878 /* Base */,
			);
			name = LaunchScreen.storyboard;
			sourceTree = "<group>";
		};
/* End PBXVariantGroup section */

/* Begin XCBuildConfiguration section */
		9FE2B8BE2D913C580025A878 /* Debug */ = {
			isa = XCBuildConfiguration;
			buildSettings = {
				ALWAYS_SEARCH_USER_PATHS = NO;
				ASSETCATALOG_COMPILER_GENERATE_SWIFT_ASSET_SYMBOL_EXTENSIONS = YES;
				CLANG_ANALYZER_NONNULL = YES;
				CLANG_ANALYZER_NUMBER_OBJECT_CONVERSION = YES_AGGRESSIVE;
				CLANG_CXX_LANGUAGE_STANDARD = "gnu++20";
				CLANG_ENABLE_MODULES = YES;
				CLANG_ENABLE_OBJC_ARC = YES;
				CLANG_ENABLE_OBJC_WEAK = YES;
				CLANG_WARN_BLOCK_CAPTURE_AUTORELEASING = YES;
				CLANG_WARN_BOOL_CONVERSION = YES;
				CLANG_WARN_COMMA = YES;
				CLANG_WARN_CONSTANT_CONVERSION = YES;
				CLANG_WARN_DEPRECATED_OBJC_IMPLEMENTATIONS = YES;
				CLANG_WARN_DIRECT_OBJC_ISA_USAGE = YES_ERROR;
				CLANG_WARN_DOCUMENTATION_COMMENTS = YES;
				CLANG_WARN_EMPTY_BODY = YES;
				CLANG_WARN_ENUM_CONVERSION = YES;
				CLANG_WARN_INFINITE_RECURSION = YES;
				CLANG_WARN_INT_CONVERSION = YES;
				CLANG_WARN_NON_LITERAL_NULL_CONVERSION = YES;
				CLANG_WARN_OBJC_IMPLICIT_RETAIN_SELF = YES;
				CLANG_WARN_OBJC_LITERAL_CONVERSION = YES;
				CLANG_WARN_OBJC_ROOT_CLASS = YES_ERROR;
				CLANG_WARN_QUOTED_INCLUDE_IN_FRAMEWORK_HEADER = YES;
				CLANG_WARN_RANGE_LOOP_ANALYSIS = YES;
				CLANG_WARN_STRICT_PROTOTYPES = YES;
				CLANG_WARN_SUSPICIOUS_MOVE = YES;
				CLANG_WARN_UNGUARDED_AVAILABILITY = YES_AGGRESSIVE;
				CLANG_WARN_UNREACHABLE_CODE = YES;
				CLANG_WARN__DUPLICATE_METHOD_MATCH = YES;
				COPY_PHASE_STRIP = NO;
				DEBUG_INFORMATION_FORMAT = dwarf;
				ENABLE_STRICT_OBJC_MSGSEND = YES;
				ENABLE_TESTABILITY = YES;
				ENABLE_USER_SCRIPT_SANDBOXING = YES;
				GCC_C_LANGUAGE_STANDARD = gnu17;
				GCC_DYNAMIC_NO_PIC = NO;
				GCC_NO_COMMON_BLOCKS = YES;
				GCC_OPTIMIZATION_LEVEL = 0;
				GCC_PREPROCESSOR_DEFINITIONS = (
					"DEBUG=1",
					"$(inherited)",
				);
				GCC_WARN_64_TO_32_BIT_CONVERSION = YES;
				GCC_WARN_ABOUT_RETURN_TYPE = YES_ERROR;
				GCC_WARN_UNDECLARED_SELECTOR = YES;
				GCC_WARN_UNINITIALIZED_AUTOS = YES_AGGRESSIVE;
				GCC_WARN_UNUSED_FUNCTION = YES;
				GCC_WARN_UNUSED_VARIABLE = YES;
				IPHONEOS_DEPLOYMENT_TARGET = 17.0;
				LOCALIZATION_PREFERS_STRING_CATALOGS = YES;
				MTL_ENABLE_DEBUG_INFO = INCLUDE_SOURCE;
				MTL_FAST_MATH = YES;
				ONLY_ACTIVE_ARCH = YES;
				SDKROOT = iphoneos;
				SWIFT_ACTIVE_COMPILATION_CONDITIONS = "DEBUG $(inherited)";
				SWIFT_OPTIMIZATION_LEVEL = "-Onone";
			};
			name = Debug;
		};
		9FE2B8BF2D913C580025A878 /* Release */ = {
			isa = XCBuildConfiguration;
			buildSettings = {
				ALWAYS_SEARCH_USER_PATHS = NO;
				ASSETCATALOG_COMPILER_GENERATE_SWIFT_ASSET_SYMBOL_EXTENSIONS = YES;
				CLANG_ANALYZER_NONNULL = YES;
				CLANG_ANALYZER_NUMBER_OBJECT_CONVERSION = YES_AGGRESSIVE;
				CLANG_CXX_LANGUAGE_STANDARD = "gnu++20";
				CLANG_ENABLE_MODULES = YES;
				CLANG_ENABLE_OBJC_ARC = YES;
				CLANG_ENABLE_OBJC_WEAK = YES;
				CLANG_WARN_BLOCK_CAPTURE_AUTORELEASING = YES;
				CLANG_WARN_BOOL_CONVERSION = YES;
				CLANG_WARN_COMMA = YES;
				CLANG_WARN_CONSTANT_CONVERSION = YES;
				CLANG_WARN_DEPRECATED_OBJC_IMPLEMENTATIONS = YES;
				CLANG_WARN_DIRECT_OBJC_ISA_USAGE = YES_ERROR;
				CLANG_WARN_DOCUMENTATION_COMMENTS = YES;
				CLANG_WARN_EMPTY_BODY = YES;
				CLANG_WARN_ENUM_CONVERSION = YES;
				CLANG_WARN_INFINITE_RECURSION = YES;
				CLANG_WARN_INT_CONVERSION = YES;
				CLANG_WARN_NON_LITERAL_NULL_CONVERSION = YES;
				CLANG_WARN_OBJC_IMPLICIT_RETAIN_SELF = YES;
				CLANG_WARN_OBJC_LITERAL_CONVERSION = YES;
				CLANG_WARN_OBJC_ROOT_CLASS = YES_ERROR;
				CLANG_WARN_QUOTED_INCLUDE_IN_FRAMEWORK_HEADER = YES;
				CLANG_WARN_RANGE_LOOP_ANALYSIS = YES;
				CLANG_WARN_STRICT_PROTOTYPES = YES;
				CLANG_WARN_SUSPICIOUS_MOVE = YES;
				CLANG_WARN_UNGUARDED_AVAILABILITY = YES_AGGRESSIVE;
				CLANG_WARN_UNREACHABLE_CODE = YES;
				CLANG_WARN__DUPLICATE_METHOD_MATCH = YES;
				COPY_PHASE_STRIP = NO;
				DEBUG_INFORMATION_FORMAT = "dwarf-with-dsym";
				ENABLE_NS_ASSERTIONS = NO;
				ENABLE_STRICT_OBJC_MSGSEND = YES;
				ENABLE_TESTABILITY = YES;
				ENABLE_USER_SCRIPT_SANDBOXING = YES;
				GCC_C_LANGUAGE_STANDARD = gnu17;
				GCC_NO_COMMON_BLOCKS = YES;
				GCC_WARN_64_TO_32_BIT_CONVERSION = YES;
				GCC_WARN_ABOUT_RETURN_TYPE = YES_ERROR;
				GCC_WARN_UNDECLARED_SELECTOR = YES;
				GCC_WARN_UNINITIALIZED_AUTOS = YES_AGGRESSIVE;
				GCC_WARN_UNUSED_FUNCTION = YES;
				GCC_WARN_UNUSED_VARIABLE = YES;
				IPHONEOS_DEPLOYMENT_TARGET = 17.0;
				LOCALIZATION_PREFERS_STRING_CATALOGS = YES;
				MTL_ENABLE_DEBUG_INFO = NO;
				MTL_FAST_MATH = YES;
				SDKROOT = iphoneos;
				SWIFT_COMPILATION_MODE = wholemodule;
				VALIDATE_PRODUCT = YES;
			};
			name = Release;
		};
		9FE2B8C12D913C580025A878 /* Debug */ = {
			isa = XCBuildConfiguration;
			buildSettings = {
				ASSETCATALOG_COMPILER_APPICON_NAME = AppIcon;
				ASSETCATALOG_COMPILER_GLOBAL_ACCENT_COLOR_NAME = AccentColor;
				CODE_SIGN_STYLE = Automatic;
				CURRENT_PROJECT_VERSION = 1;
				DEVELOPMENT_TEAM = H69M8KLTZ5;
				GENERATE_INFOPLIST_FILE = YES;
				INFOPLIST_FILE = Github_stargazers/Info.plist;
				INFOPLIST_KEY_UIApplicationSupportsIndirectInputEvents = YES;
				INFOPLIST_KEY_UILaunchStoryboardName = LaunchScreen;
				INFOPLIST_KEY_UIMainStoryboardFile = Main;
				INFOPLIST_KEY_UISupportedInterfaceOrientations_iPad = "UIInterfaceOrientationPortrait UIInterfaceOrientationPortraitUpsideDown UIInterfaceOrientationLandscapeLeft UIInterfaceOrientationLandscapeRight";
				INFOPLIST_KEY_UISupportedInterfaceOrientations_iPhone = "UIInterfaceOrientationPortrait UIInterfaceOrientationLandscapeLeft UIInterfaceOrientationLandscapeRight";
				LD_RUNPATH_SEARCH_PATHS = (
					"$(inherited)",
					"@executable_path/Frameworks",
				);
				MARKETING_VERSION = 1.0;
				PRODUCT_BUNDLE_IDENTIFIER = "com.anacvasniuc.Github-stargazers";
				PRODUCT_NAME = "$(TARGET_NAME)";
				SWIFT_EMIT_LOC_STRINGS = YES;
				SWIFT_VERSION = 5.0;
				TARGETED_DEVICE_FAMILY = "1,2";
			};
			name = Debug;
		};
		9FE2B8C22D913C580025A878 /* Release */ = {
			isa = XCBuildConfiguration;
			buildSettings = {
				ASSETCATALOG_COMPILER_APPICON_NAME = AppIcon;
				ASSETCATALOG_COMPILER_GLOBAL_ACCENT_COLOR_NAME = AccentColor;
				CODE_SIGN_STYLE = Automatic;
				CURRENT_PROJECT_VERSION = 1;
				DEVELOPMENT_TEAM = H69M8KLTZ5;
				GENERATE_INFOPLIST_FILE = YES;
				INFOPLIST_FILE = Github_stargazers/Info.plist;
				INFOPLIST_KEY_UIApplicationSupportsIndirectInputEvents = YES;
				INFOPLIST_KEY_UILaunchStoryboardName = LaunchScreen;
				INFOPLIST_KEY_UIMainStoryboardFile = Main;
				INFOPLIST_KEY_UISupportedInterfaceOrientations_iPad = "UIInterfaceOrientationPortrait UIInterfaceOrientationPortraitUpsideDown UIInterfaceOrientationLandscapeLeft UIInterfaceOrientationLandscapeRight";
				INFOPLIST_KEY_UISupportedInterfaceOrientations_iPhone = "UIInterfaceOrientationPortrait UIInterfaceOrientationLandscapeLeft UIInterfaceOrientationLandscapeRight";
				LD_RUNPATH_SEARCH_PATHS = (
					"$(inherited)",
					"@executable_path/Frameworks",
				);
				MARKETING_VERSION = 1.0;
				PRODUCT_BUNDLE_IDENTIFIER = "com.anacvasniuc.Github-stargazers";
				PRODUCT_NAME = "$(TARGET_NAME)";
				SWIFT_EMIT_LOC_STRINGS = YES;
				SWIFT_VERSION = 5.0;
				TARGETED_DEVICE_FAMILY = "1,2";
			};
			name = Release;
		};
		9FE2B8C42D913C580025A878 /* Debug */ = {
			isa = XCBuildConfiguration;
			buildSettings = {
				ALWAYS_EMBED_SWIFT_STANDARD_LIBRARIES = YES;
				BUNDLE_LOADER = "$(TEST_HOST)";
				CODE_SIGN_STYLE = Automatic;
				CURRENT_PROJECT_VERSION = 1;
				DEVELOPMENT_TEAM = H69M8KLTZ5;
				GENERATE_INFOPLIST_FILE = YES;
				IPHONEOS_DEPLOYMENT_TARGET = 17.0;
				MARKETING_VERSION = 1.0;
				PRODUCT_BUNDLE_IDENTIFIER = "com.anacvasniuc.Github-stargazersTests";
				PRODUCT_NAME = "$(TARGET_NAME)";
				SWIFT_EMIT_LOC_STRINGS = NO;
				SWIFT_VERSION = 5.0;
				TARGETED_DEVICE_FAMILY = "1,2";
				TEST_HOST = "$(BUILT_PRODUCTS_DIR)/Github_stargazers.app/$(BUNDLE_EXECUTABLE_FOLDER_PATH)/Github_stargazers";
			};
			name = Debug;
		};
		9FE2B8C52D913C580025A878 /* Release */ = {
			isa = XCBuildConfiguration;
			buildSettings = {
				ALWAYS_EMBED_SWIFT_STANDARD_LIBRARIES = YES;
				BUNDLE_LOADER = "$(TEST_HOST)";
				CODE_SIGN_STYLE = Automatic;
				CURRENT_PROJECT_VERSION = 1;
				DEVELOPMENT_TEAM = H69M8KLTZ5;
				GENERATE_INFOPLIST_FILE = YES;
				IPHONEOS_DEPLOYMENT_TARGET = 17.0;
				MARKETING_VERSION = 1.0;
				PRODUCT_BUNDLE_IDENTIFIER = "com.anacvasniuc.Github-stargazersTests";
				PRODUCT_NAME = "$(TARGET_NAME)";
				SWIFT_EMIT_LOC_STRINGS = NO;
				SWIFT_VERSION = 5.0;
				TARGETED_DEVICE_FAMILY = "1,2";
				TEST_HOST = "$(BUILT_PRODUCTS_DIR)/Github_stargazers.app/$(BUNDLE_EXECUTABLE_FOLDER_PATH)/Github_stargazers";
			};
			name = Release;
		};
		9FE2B8C72D913C580025A878 /* Debug */ = {
			isa = XCBuildConfiguration;
			buildSettings = {
				ALWAYS_EMBED_SWIFT_STANDARD_LIBRARIES = YES;
				CODE_SIGN_STYLE = Automatic;
				CURRENT_PROJECT_VERSION = 1;
				DEVELOPMENT_TEAM = H69M8KLTZ5;
				GENERATE_INFOPLIST_FILE = YES;
				MARKETING_VERSION = 1.0;
				PRODUCT_BUNDLE_IDENTIFIER = "com.anacvasniuc.Github-stargazersUITests";
				PRODUCT_NAME = "$(TARGET_NAME)";
				SWIFT_EMIT_LOC_STRINGS = NO;
				SWIFT_VERSION = 5.0;
				TARGETED_DEVICE_FAMILY = "1,2";
				TEST_TARGET_NAME = Github_stargazers;
			};
			name = Debug;
		};
		9FE2B8C82D913C580025A878 /* Release */ = {
			isa = XCBuildConfiguration;
			buildSettings = {
				ALWAYS_EMBED_SWIFT_STANDARD_LIBRARIES = YES;
				CODE_SIGN_STYLE = Automatic;
				CURRENT_PROJECT_VERSION = 1;
				DEVELOPMENT_TEAM = H69M8KLTZ5;
				GENERATE_INFOPLIST_FILE = YES;
				MARKETING_VERSION = 1.0;
				PRODUCT_BUNDLE_IDENTIFIER = "com.anacvasniuc.Github-stargazersUITests";
				PRODUCT_NAME = "$(TARGET_NAME)";
				SWIFT_EMIT_LOC_STRINGS = NO;
				SWIFT_VERSION = 5.0;
				TARGETED_DEVICE_FAMILY = "1,2";
				TEST_TARGET_NAME = Github_stargazers;
			};
			name = Release;
		};
/* End XCBuildConfiguration section */

/* Begin XCConfigurationList section */
		9FE2B8912D913C560025A878 /* Build configuration list for PBXProject "Github_stargazers" */ = {
			isa = XCConfigurationList;
			buildConfigurations = (
				9FE2B8BE2D913C580025A878 /* Debug */,
				9FE2B8BF2D913C580025A878 /* Release */,
			);
			defaultConfigurationIsVisible = 0;
			defaultConfigurationName = Release;
		};
		9FE2B8C02D913C580025A878 /* Build configuration list for PBXNativeTarget "Github_stargazers" */ = {
			isa = XCConfigurationList;
			buildConfigurations = (
				9FE2B8C12D913C580025A878 /* Debug */,
				9FE2B8C22D913C580025A878 /* Release */,
			);
			defaultConfigurationIsVisible = 0;
			defaultConfigurationName = Release;
		};
		9FE2B8C32D913C580025A878 /* Build configuration list for PBXNativeTarget "Github_stargazersTests" */ = {
			isa = XCConfigurationList;
			buildConfigurations = (
				9FE2B8C42D913C580025A878 /* Debug */,
				9FE2B8C52D913C580025A878 /* Release */,
			);
			defaultConfigurationIsVisible = 0;
			defaultConfigurationName = Release;
		};
		9FE2B8C62D913C580025A878 /* Build configuration list for PBXNativeTarget "Github_stargazersUITests" */ = {
			isa = XCConfigurationList;
			buildConfigurations = (
				9FE2B8C72D913C580025A878 /* Debug */,
				9FE2B8C82D913C580025A878 /* Release */,
			);
			defaultConfigurationIsVisible = 0;
			defaultConfigurationName = Release;
		};
/* End XCConfigurationList section */

/* Begin XCRemoteSwiftPackageReference section */
		9FE2B8D42D91439A0025A878 /* XCRemoteSwiftPackageReference "SDWebImage" */ = {
			isa = XCRemoteSwiftPackageReference;
			repositoryURL = "https://github.com/SDWebImage/SDWebImage.git";
			requirement = {
				kind = upToNextMajorVersion;
				minimumVersion = 5.21.0;
			};
		};
/* End XCRemoteSwiftPackageReference section */

/* Begin XCSwiftPackageProductDependency section */
		9FE2B8D52D91439A0025A878 /* SDWebImage */ = {
			isa = XCSwiftPackageProductDependency;
			package = 9FE2B8D42D91439A0025A878 /* XCRemoteSwiftPackageReference "SDWebImage" */;
			productName = SDWebImage;
		};
		9FE2B8D72D9143B80025A878 /* SDWebImage */ = {
			isa = XCSwiftPackageProductDependency;
			package = 9FE2B8D42D91439A0025A878 /* XCRemoteSwiftPackageReference "SDWebImage" */;
			productName = SDWebImage;
		};
		9FE2B8D92D9143C50025A878 /* SDWebImage */ = {
			isa = XCSwiftPackageProductDependency;
			package = 9FE2B8D42D91439A0025A878 /* XCRemoteSwiftPackageReference "SDWebImage" */;
			productName = SDWebImage;
		};
/* End XCSwiftPackageProductDependency section */
	};
	rootObject = 9FE2B88E2D913C560025A878 /* Project object */;
}
